
Microsoft Visual Studio Solution File, Format Version 12.00
# Visual Studio Version 16
VisualStudioVersion = 16.0.29926.136
MinimumVisualStudioVersion = 10.0.40219.1
Project("{F2A71F9B-5D33-465A-A702-920D77279786}") = "TorchCodeGen", "TorchCodeGen.fsproj", "{98C18C14-8E7B-4CA9-A5BA-4B61975A30A2}"
EndProject
Global
	GlobalSection(SolutionConfigurationPlatforms) = preSolution
		Debug|Any CPU = Debug|Any CPU
		Release|Any CPU = Release|Any CPU
	EndGlobalSection
	GlobalSection(ProjectConfigurationPlatforms) = postSolution
		{98C18C14-8E7B-4CA9-A5BA-4B61975A30A2}.Debug|Any CPU.ActiveCfg = Debug|Any CPU
		{98C18C14-8E7B-4CA9-A5BA-4B61975A30A2}.Debug|Any CPU.Build.0 = Debug|Any CPU
		{98C18C14-8E7B-4CA9-A5BA-4B61975A30A2}.Release|Any CPU.ActiveCfg = Release|Any CPU
		{98C18C14-8E7B-4CA9-A5BA-4B61975A30A2}.Release|Any CPU.Build.0 = Release|Any CPU
	EndGlobalSection
	GlobalSection(SolutionProperties) = preSolution
		HideSolutionNode = FALSE
	EndGlobalSection
	GlobalSection(ExtensibilityGlobals) = postSolution
		SolutionGuid = {77BD0264-E0C6-4DC9-904C-6542F2999D60}
	EndGlobalSection
EndGlobal
